// !$*UTF8*$!
{
	archiveVersion = 1;
	classes = {
	};
	objectVersion = 46;
	objects = {

/* Begin PBXBuildFile section */
		2F7F25FB1ED92E34000B87A6 /* main.m in Sources */ = {isa = PBXBuildFile; fileRef = 2F7F25FA1ED92E34000B87A6 /* main.m */; };
		2F7F25FE1ED92E34000B87A6 /* AppDelegate.m in Sources */ = {isa = PBXBuildFile; fileRef = 2F7F25FD1ED92E34000B87A6 /* AppDelegate.m */; };
		2F7F26011ED92E34000B87A6 /* ViewController.m in Sources */ = {isa = PBXBuildFile; fileRef = 2F7F26001ED92E34000B87A6 /* ViewController.m */; };
		2F7F26041ED92E34000B87A6 /* Main.storyboard in Resources */ = {isa = PBXBuildFile; fileRef = 2F7F26021ED92E34000B87A6 /* Main.storyboard */; };
		2F7F26071ED92E34000B87A6 /* runTimePractice.xcdatamodeld in Sources */ = {isa = PBXBuildFile; fileRef = 2F7F26051ED92E34000B87A6 /* runTimePractice.xcdatamodeld */; };
		2F7F26091ED92E34000B87A6 /* Assets.xcassets in Resources */ = {isa = PBXBuildFile; fileRef = 2F7F26081ED92E34000B87A6 /* Assets.xcassets */; };
		2F7F260C1ED92E34000B87A6 /* LaunchScreen.storyboard in Resources */ = {isa = PBXBuildFile; fileRef = 2F7F260A1ED92E34000B87A6 /* LaunchScreen.storyboard */; };
		2F7F26171ED92E34000B87A6 /* runTimePracticeTests.m in Sources */ = {isa = PBXBuildFile; fileRef = 2F7F26161ED92E34000B87A6 /* runTimePracticeTests.m */; };
		2F7F26281ED92F10000B87A6 /* Person.m in Sources */ = {isa = PBXBuildFile; fileRef = 2F7F26271ED92F10000B87A6 /* Person.m */; };
		2F7F262B1ED92F3E000B87A6 /* MyView.m in Sources */ = {isa = PBXBuildFile; fileRef = 2F7F262A1ED92F3E000B87A6 /* MyView.m */; };
		2F7F262E1ED92F48000B87A6 /* UIView+extension.m in Sources */ = {isa = PBXBuildFile; fileRef = 2F7F262D1ED92F48000B87A6 /* UIView+extension.m */; };
/* End PBXBuildFile section */

/* Begin PBXContainerItemProxy section */
		2F7F26131ED92E34000B87A6 /* PBXContainerItemProxy */ = {
			isa = PBXContainerItemProxy;
			containerPortal = 2F7F25EE1ED92E34000B87A6 /* Project object */;
			proxyType = 1;
			remoteGlobalIDString = 2F7F25F51ED92E34000B87A6;
			remoteInfo = runTimePractice;
		};
/* End PBXContainerItemProxy section */

/* Begin PBXFileReference section */
		2F7F25F61ED92E34000B87A6 /* runTimePractice.app */ = {isa = PBXFileReference; explicitFileType = wrapper.application; includeInIndex = 0; path = runTimePractice.app; sourceTree = BUILT_PRODUCTS_DIR; };
		2F7F25FA1ED92E34000B87A6 /* main.m */ = {isa = PBXFileReference; lastKnownFileType = sourcecode.c.objc; path = main.m; sourceTree = "<group>"; };
		2F7F25FC1ED92E34000B87A6 /* AppDelegate.h */ = {isa = PBXFileReference; lastKnownFileType = sourcecode.c.h; path = AppDelegate.h; sourceTree = "<group>"; };
		2F7F25FD1ED92E34000B87A6 /* AppDelegate.m */ = {isa = PBXFileReference; lastKnownFileType = sourcecode.c.objc; path = AppDelegate.m; sourceTree = "<group>"; };
		2F7F25FF1ED92E34000B87A6 /* ViewController.h */ = {isa = PBXFileReference; lastKnownFileType = sourcecode.c.h; path = ViewController.h; sourceTree = "<group>"; };
		2F7F26001ED92E34000B87A6 /* ViewController.m */ = {isa = PBXFileReference; lastKnownFileType = sourcecode.c.objc; path = ViewController.m; sourceTree = "<group>"; };
		2F7F26031ED92E34000B87A6 /* Base */ = {isa = PBXFileReference; lastKnownFileType = file.storyboard; name = Base; path = Base.lproj/Main.storyboard; sourceTree = "<group>"; };
		2F7F26061ED92E34000B87A6 /* runTimePractice.xcdatamodel */ = {isa = PBXFileReference; lastKnownFileType = wrapper.xcdatamodel; path = runTimePractice.xcdatamodel; sourceTree = "<group>"; };
		2F7F26081ED92E34000B87A6 /* Assets.xcassets */ = {isa = PBXFileReference; lastKnownFileType = folder.assetcatalog; path = Assets.xcassets; sourceTree = "<group>"; };
		2F7F260B1ED92E34000B87A6 /* Base */ = {isa = PBXFileReference; lastKnownFileType = file.storyboard; name = Base; path = Base.lproj/LaunchScreen.storyboard; sourceTree = "<group>"; };
		2F7F260D1ED92E34000B87A6 /* Info.plist */ = {isa = PBXFileReference; lastKnownFileType = text.plist.xml; path = Info.plist; sourceTree = "<group>"; };
		2F7F26121ED92E34000B87A6 /* runTimePracticeTests.xctest */ = {isa = PBXFileReference; explicitFileType = wrapper.cfbundle; includeInIndex = 0; path = runTimePracticeTests.xctest; sourceTree = BUILT_PRODUCTS_DIR; };
		2F7F26161ED92E34000B87A6 /* runTimePracticeTests.m */ = {isa = PBXFileReference; lastKnownFileType = sourcecode.c.objc; path = runTimePracticeTests.m; sourceTree = "<group>"; };
		2F7F26181ED92E34000B87A6 /* Info.plist */ = {isa = PBXFileReference; lastKnownFileType = text.plist.xml; path = Info.plist; sourceTree = "<group>"; };
		2F7F26261ED92F10000B87A6 /* Person.h */ = {isa = PBXFileReference; fileEncoding = 4; lastKnownFileType = sourcecode.c.h; path = Person.h; sourceTree = "<group>"; };
		2F7F26271ED92F10000B87A6 /* Person.m */ = {isa = PBXFileReference; fileEncoding = 4; lastKnownFileType = sourcecode.c.objc; path = Person.m; sourceTree = "<group>"; };
		2F7F26291ED92F3E000B87A6 /* MyView.h */ = {isa = PBXFileReference; fileEncoding = 4; lastKnownFileType = sourcecode.c.h; path = MyView.h; sourceTree = "<group>"; };
		2F7F262A1ED92F3E000B87A6 /* MyView.m */ = {isa = PBXFileReference; fileEncoding = 4; lastKnownFileType = sourcecode.c.objc; path = MyView.m; sourceTree = "<group>"; };
		2F7F262C1ED92F48000B87A6 /* UIView+extension.h */ = {isa = PBXFileReference; fileEncoding = 4; lastKnownFileType = sourcecode.c.h; path = "UIView+extension.h"; sourceTree = "<group>"; };
		2F7F262D1ED92F48000B87A6 /* UIView+extension.m */ = {isa = PBXFileReference; fileEncoding = 4; lastKnownFileType = sourcecode.c.objc; path = "UIView+extension.m"; sourceTree = "<group>"; };
/* End PBXFileReference section */

/* Begin PBXFrameworksBuildPhase section */
		2F7F25F31ED92E34000B87A6 /* Frameworks */ = {
			isa = PBXFrameworksBuildPhase;
			buildActionMask = 2147483647;
			files = (
			);
			runOnlyForDeploymentPostprocessing = 0;
		};
		2F7F260F1ED92E34000B87A6 /* Frameworks */ = {
			isa = PBXFrameworksBuildPhase;
			buildActionMask = 2147483647;
			files = (
			);
			runOnlyForDeploymentPostprocessing = 0;
		};
/* End PBXFrameworksBuildPhase section */

/* Begin PBXGroup section */
		2F7F25ED1ED92E34000B87A6 = {
			isa = PBXGroup;
			children = (
				2F7F25F81ED92E34000B87A6 /* runTimePractice */,
				2F7F26151ED92E34000B87A6 /* runTimePracticeTests */,
				2F7F25F71ED92E34000B87A6 /* Products */,
			);
			sourceTree = "<group>";
		};
		2F7F25F71ED92E34000B87A6 /* Products */ = {
			isa = PBXGroup;
			children = (
				2F7F25F61ED92E34000B87A6 /* runTimePractice.app */,
				2F7F26121ED92E34000B87A6 /* runTimePracticeTests.xctest */,
			);
			name = Products;
			sourceTree = "<group>";
		};
		2F7F25F81ED92E34000B87A6 /* runTimePractice */ = {
			isa = PBXGroup;
			children = (
				2F7F26211ED92E8F000B87A6 /* Class */,
				2F7F25FC1ED92E34000B87A6 /* AppDelegate.h */,
				2F7F25FD1ED92E34000B87A6 /* AppDelegate.m */,
				2F7F25FF1ED92E34000B87A6 /* ViewController.h */,
				2F7F26001ED92E34000B87A6 /* ViewController.m */,
				2F7F26021ED92E34000B87A6 /* Main.storyboard */,
				2F7F26081ED92E34000B87A6 /* Assets.xcassets */,
				2F7F260A1ED92E34000B87A6 /* LaunchScreen.storyboard */,
				2F7F260D1ED92E34000B87A6 /* Info.plist */,
				2F7F26051ED92E34000B87A6 /* runTimePractice.xcdatamodeld */,
				2F7F25F91ED92E34000B87A6 /* Supporting Files */,
			);
			path = runTimePractice;
			sourceTree = "<group>";
		};
		2F7F25F91ED92E34000B87A6 /* Supporting Files */ = {
			isa = PBXGroup;
			children = (
				2F7F25FA1ED92E34000B87A6 /* main.m */,
			);
			name = "Supporting Files";
			sourceTree = "<group>";
		};
		2F7F26151ED92E34000B87A6 /* runTimePracticeTests */ = {
			isa = PBXGroup;
			children = (
				2F7F26161ED92E34000B87A6 /* runTimePracticeTests.m */,
				2F7F26181ED92E34000B87A6 /* Info.plist */,
			);
			path = runTimePracticeTests;
			sourceTree = "<group>";
		};
		2F7F26211ED92E8F000B87A6 /* Class */ = {
			isa = PBXGroup;
			children = (
				2F7F26231ED92EF9000B87A6 /* Controller */,
				2F7F26241ED92EF9000B87A6 /* Model */,
				2F7F26251ED92EF9000B87A6 /* ViewModel */,
				2F7F26221ED92E8F000B87A6 /* View */,
			);
			path = Class;
			sourceTree = "<group>";
		};
		2F7F26221ED92E8F000B87A6 /* View */ = {
			isa = PBXGroup;
			children = (
				2F7F262C1ED92F48000B87A6 /* UIView+extension.h */,
				2F7F262D1ED92F48000B87A6 /* UIView+extension.m */,
				2F7F26291ED92F3E000B87A6 /* MyView.h */,
				2F7F262A1ED92F3E000B87A6 /* MyView.m */,
			);
			path = View;
			sourceTree = "<group>";
		};
		2F7F26231ED92EF9000B87A6 /* Controller */ = {
			isa = PBXGroup;
			children = (
			);
			path = Controller;
			sourceTree = "<group>";
		};
		2F7F26241ED92EF9000B87A6 /* Model */ = {
			isa = PBXGroup;
			children = (
				2F7F26261ED92F10000B87A6 /* Person.h */,
				2F7F26271ED92F10000B87A6 /* Person.m */,
			);
			path = Model;
			sourceTree = "<group>";
		};
		2F7F26251ED92EF9000B87A6 /* ViewModel */ = {
			isa = PBXGroup;
			children = (
			);
			path = ViewModel;
			sourceTree = "<group>";
		};
/* End PBXGroup section */

/* Begin PBXNativeTarget section */
		2F7F25F51ED92E34000B87A6 /* runTimePractice */ = {
			isa = PBXNativeTarget;
			buildConfigurationList = 2F7F261B1ED92E34000B87A6 /* Build configuration list for PBXNativeTarget "runTimePractice" */;
			buildPhases = (
				2F7F25F21ED92E34000B87A6 /* Sources */,
				2F7F25F31ED92E34000B87A6 /* Frameworks */,
				2F7F25F41ED92E34000B87A6 /* Resources */,
			);
			buildRules = (
			);
			dependencies = (
			);
			name = runTimePractice;
			productName = runTimePractice;
			productReference = 2F7F25F61ED92E34000B87A6 /* runTimePractice.app */;
			productType = "com.apple.product-type.application";
		};
		2F7F26111ED92E34000B87A6 /* runTimePracticeTests */ = {
			isa = PBXNativeTarget;
			buildConfigurationList = 2F7F261E1ED92E34000B87A6 /* Build configuration list for PBXNativeTarget "runTimePracticeTests" */;
			buildPhases = (
				2F7F260E1ED92E34000B87A6 /* Sources */,
				2F7F260F1ED92E34000B87A6 /* Frameworks */,
				2F7F26101ED92E34000B87A6 /* Resources */,
			);
			buildRules = (
			);
			dependencies = (
				2F7F26141ED92E34000B87A6 /* PBXTargetDependency */,
			);
			name = runTimePracticeTests;
			productName = runTimePracticeTests;
			productReference = 2F7F26121ED92E34000B87A6 /* runTimePracticeTests.xctest */;
			productType = "com.apple.product-type.bundle.unit-test";
		};
/* End PBXNativeTarget section */

/* Begin PBXProject section */
		2F7F25EE1ED92E34000B87A6 /* Project object */ = {
			isa = PBXProject;
			attributes = {
				LastUpgradeCheck = 0820;
				ORGANIZATIONNAME = "高帅";
				TargetAttributes = {
					2F7F25F51ED92E34000B87A6 = {
						CreatedOnToolsVersion = 8.2.1;
						ProvisioningStyle = Automatic;
					};
					2F7F26111ED92E34000B87A6 = {
						CreatedOnToolsVersion = 8.2.1;
						ProvisioningStyle = Automatic;
						TestTargetID = 2F7F25F51ED92E34000B87A6;
					};
				};
			};
			buildConfigurationList = 2F7F25F11ED92E34000B87A6 /* Build configuration list for PBXProject "runTimePractice" */;
			compatibilityVersion = "Xcode 3.2";
			developmentRegion = English;
			hasScannedForEncodings = 0;
			knownRegions = (
				en,
				Base,
			);
			mainGroup = 2F7F25ED1ED92E34000B87A6;
			productRefGroup = 2F7F25F71ED92E34000B87A6 /* Products */;
			projectDirPath = "";
			projectRoot = "";
			targets = (
				2F7F25F51ED92E34000B87A6 /* runTimePractice */,
				2F7F26111ED92E34000B87A6 /* runTimePracticeTests */,
			);
		};
/* End PBXProject section */

/* Begin PBXResourcesBuildPhase section */
		2F7F25F41ED92E34000B87A6 /* Resources */ = {
			isa = PBXResourcesBuildPhase;
			buildActionMask = 2147483647;
			files = (
				2F7F260C1ED92E34000B87A6 /* LaunchScreen.storyboard in Resources */,
				2F7F26091ED92E34000B87A6 /* Assets.xcassets in Resources */,
				2F7F26041ED92E34000B87A6 /* Main.storyboard in Resources */,
			);
			runOnlyForDeploymentPostprocessing = 0;
		};
		2F7F26101ED92E34000B87A6 /* Resources */ = {
			isa = PBXResourcesBuildPhase;
			buildActionMask = 2147483647;
			files = (
			);
			runOnlyForDeploymentPostprocessing = 0;
		};
/* End PBXResourcesBuildPhase section */

/* Begin PBXSourcesBuildPhase section */
		2F7F25F21ED92E34000B87A6 /* Sources */ = {
			isa = PBXSourcesBuildPhase;
			buildActionMask = 2147483647;
			files = (
				2F7F262E1ED92F48000B87A6 /* UIView+extension.m in Sources */,
				2F7F26011ED92E34000B87A6 /* ViewController.m in Sources */,
				2F7F25FE1ED92E34000B87A6 /* AppDelegate.m in Sources */,
				2F7F262B1ED92F3E000B87A6 /* MyView.m in Sources */,
				2F7F26281ED92F10000B87A6 /* Person.m in Sources */,
				2F7F25FB1ED92E34000B87A6 /* main.m in Sources */,
				2F7F26071ED92E34000B87A6 /* runTimePractice.xcdatamodeld in Sources */,
			);
			runOnlyForDeploymentPostprocessing = 0;
		};
		2F7F260E1ED92E34000B87A6 /* Sources */ = {
			isa = PBXSourcesBuildPhase;
			buildActionMask = 2147483647;
			files = (
				2F7F26171ED92E34000B87A6 /* runTimePracticeTests.m in Sources */,
			);
			runOnlyForDeploymentPostprocessing = 0;
		};
/* End PBXSourcesBuildPhase section */

/* Begin PBXTargetDependency section */
		2F7F26141ED92E34000B87A6 /* PBXTargetDependency */ = {
			isa = PBXTargetDependency;
			target = 2F7F25F51ED92E34000B87A6 /* runTimePractice */;
			targetProxy = 2F7F26131ED92E34000B87A6 /* PBXContainerItemProxy */;
		};
/* End PBXTargetDependency section */

/* Begin PBXVariantGroup section */
		2F7F26021ED92E34000B87A6 /* Main.storyboard */ = {
			isa = PBXVariantGroup;
			children = (
				2F7F26031ED92E34000B87A6 /* Base */,
			);
			name = Main.storyboard;
			sourceTree = "<group>";
		};
		2F7F260A1ED92E34000B87A6 /* LaunchScreen.storyboard */ = {
			isa = PBXVariantGroup;
			children = (
				2F7F260B1ED92E34000B87A6 /* Base */,
			);
			name = LaunchScreen.storyboard;
			sourceTree = "<group>";
		};
/* End PBXVariantGroup section */

/* Begin XCBuildConfiguration section */
		2F7F26191ED92E34000B87A6 /* Debug */ = {
			isa = XCBuildConfiguration;
			buildSettings = {
				ALWAYS_SEARCH_USER_PATHS = NO;
				CLANG_ANALYZER_NONNULL = YES;
				CLANG_CXX_LANGUAGE_STANDARD = "gnu++0x";
				CLANG_CXX_LIBRARY = "libc++";
				CLANG_ENABLE_MODULES = YES;
				CLANG_ENABLE_OBJC_ARC = YES;
				CLANG_WARN_BOOL_CONVERSION = YES;
				CLANG_WARN_CONSTANT_CONVERSION = YES;
				CLANG_WARN_DIRECT_OBJC_ISA_USAGE = YES_ERROR;
				CLANG_WARN_DOCUMENTATION_COMMENTS = YES;
				CLANG_WARN_EMPTY_BODY = YES;
				CLANG_WARN_ENUM_CONVERSION = YES;
				CLANG_WARN_INFINITE_RECURSION = YES;
				CLANG_WARN_INT_CONVERSION = YES;
				CLANG_WARN_OBJC_ROOT_CLASS = YES_ERROR;
				CLANG_WARN_SUSPICIOUS_MOVE = YES;
				CLANG_WARN_UNREACHABLE_CODE = YES;
				CLANG_WARN__DUPLICATE_METHOD_MATCH = YES;
				"CODE_SIGN_IDENTITY[sdk=iphoneos*]" = "iPhone Developer";
				COPY_PHASE_STRIP = NO;
				DEBUG_INFORMATION_FORMAT = dwarf;
				ENABLE_STRICT_OBJC_MSGSEND = YES;
				ENABLE_TESTABILITY = YES;
				GCC_C_LANGUAGE_STANDARD = gnu99;
				GCC_DYNAMIC_NO_PIC = NO;
				GCC_NO_COMMON_BLOCKS = YES;
				GCC_OPTIMIZATION_LEVEL = 0;
				GCC_PREPROCESSOR_DEFINITIONS = (
					"DEBUG=1",
					"$(inherited)",
				);
				GCC_WARN_64_TO_32_BIT_CONVERSION = YES;
				GCC_WARN_ABOUT_RETURN_TYPE = YES_ERROR;
				GCC_WARN_UNDECLARED_SELECTOR = YES;
				GCC_WARN_UNINITIALIZED_AUTOS = YES_AGGRESSIVE;
				GCC_WARN_UNUSED_FUNCTION = YES;
				GCC_WARN_UNUSED_VARIABLE = YES;
				IPHONEOS_DEPLOYMENT_TARGET = 10.2;
				MTL_ENABLE_DEBUG_INFO = YES;
				ONLY_ACTIVE_ARCH = YES;
				SDKROOT = iphoneos;
				TARGETED_DEVICE_FAMILY = "1,2";
			};
			name = Debug;
		};
		2F7F261A1ED92E34000B87A6 /* Release */ = {
			isa = XCBuildConfiguration;
			buildSettings = {
				ALWAYS_SEARCH_USER_PATHS = NO;
				CLANG_ANALYZER_NONNULL = YES;
				CLANG_CXX_LANGUAGE_STANDARD = "gnu++0x";
				CLANG_CXX_LIBRARY = "libc++";
				CLANG_ENABLE_MODULES = YES;
				CLANG_ENABLE_OBJC_ARC = YES;
				CLANG_WARN_BOOL_CONVERSION = YES;
				CLANG_WARN_CONSTANT_CONVERSION = YES;
				CLANG_WARN_DIRECT_OBJC_ISA_USAGE = YES_ERROR;
				CLANG_WARN_DOCUMENTATION_COMMENTS = YES;
				CLANG_WARN_EMPTY_BODY = YES;
				CLANG_WARN_ENUM_CONVERSION = YES;
				CLANG_WARN_INFINITE_RECURSION = YES;
				CLANG_WARN_INT_CONVERSION = YES;
				CLANG_WARN_OBJC_ROOT_CLASS = YES_ERROR;
				CLANG_WARN_SUSPICIOUS_MOVE = YES;
				CLANG_WARN_UNREACHABLE_CODE = YES;
				CLANG_WARN__DUPLICATE_METHOD_MATCH = YES;
				"CODE_SIGN_IDENTITY[sdk=iphoneos*]" = "iPhone Developer";
				COPY_PHASE_STRIP = NO;
				DEBUG_INFORMATION_FORMAT = "dwarf-with-dsym";
				ENABLE_NS_ASSERTIONS = NO;
				ENABLE_STRICT_OBJC_MSGSEND = YES;
				GCC_C_LANGUAGE_STANDARD = gnu99;
				GCC_NO_COMMON_BLOCKS = YES;
				GCC_WARN_64_TO_32_BIT_CONVERSION = YES;
				GCC_WARN_ABOUT_RETURN_TYPE = YES_ERROR;
				GCC_WARN_UNDECLARED_SELECTOR = YES;
				GCC_WARN_UNINITIALIZED_AUTOS = YES_AGGRESSIVE;
				GCC_WARN_UNUSED_FUNCTION = YES;
				GCC_WARN_UNUSED_VARIABLE = YES;
				IPHONEOS_DEPLOYMENT_TARGET = 10.2;
				MTL_ENABLE_DEBUG_INFO = NO;
				SDKROOT = iphoneos;
				TARGETED_DEVICE_FAMILY = "1,2";
				VALIDATE_PRODUCT = YES;
			};
			name = Release;
		};
		2F7F261C1ED92E34000B87A6 /* Debug */ = {
			isa = XCBuildConfiguration;
			buildSettings = {
				ASSETCATALOG_COMPILER_APPICON_NAME = AppIcon;
				INFOPLIST_FILE = runTimePractice/Info.plist;
				LD_RUNPATH_SEARCH_PATHS = "$(inherited) @executable_path/Frameworks";
				PRODUCT_BUNDLE_IDENTIFIER = com.autonavi.runTimePractice;
				PRODUCT_NAME = "$(TARGET_NAME)";
			};
			name = Debug;
		};
		2F7F261D1ED92E34000B87A6 /* Release */ = {
			isa = XCBuildConfiguration;
			buildSettings = {
				ASSETCATALOG_COMPILER_APPICON_NAME = AppIcon;
				INFOPLIST_FILE = runTimePractice/Info.plist;
				LD_RUNPATH_SEARCH_PATHS = "$(inherited) @executable_path/Frameworks";
				PRODUCT_BUNDLE_IDENTIFIER = com.autonavi.runTimePractice;
				PRODUCT_NAME = "$(TARGET_NAME)";
			};
			name = Release;
		};
		2F7F261F1ED92E34000B87A6 /* Debug */ = {
			isa = XCBuildConfiguration;
			buildSettings = {
				BUNDLE_LOADER = "$(TEST_HOST)";
				INFOPLIST_FILE = runTimePracticeTests/Info.plist;
				LD_RUNPATH_SEARCH_PATHS = "$(inherited) @executable_path/Frameworks @loader_path/Frameworks";
				PRODUCT_BUNDLE_IDENTIFIER = com.autonavi.runTimePracticeTests;
				PRODUCT_NAME = "$(TARGET_NAME)";
				TEST_HOST = "$(BUILT_PRODUCTS_DIR)/runTimePractice.app/runTimePractice";
			};
			name = Debug;
		};
		2F7F26201ED92E34000B87A6 /* Release */ = {
			isa = XCBuildConfiguration;
			buildSettings = {
				BUNDLE_LOADER = "$(TEST_HOST)";
				INFOPLIST_FILE = runTimePracticeTests/Info.plist;
				LD_RUNPATH_SEARCH_PATHS = "$(inherited) @executable_path/Frameworks @loader_path/Frameworks";
				PRODUCT_BUNDLE_IDENTIFIER = com.autonavi.runTimePracticeTests;
				PRODUCT_NAME = "$(TARGET_NAME)";
				TEST_HOST = "$(BUILT_PRODUCTS_DIR)/runTimePractice.app/runTimePractice";
			};
			name = Release;
		};
/* End XCBuildConfiguration section */

/* Begin XCConfigurationList section */
		2F7F25F11ED92E34000B87A6 /* Build configuration list for PBXProject "runTimePractice" */ = {
			isa = XCConfigurationList;
			buildConfigurations = (
				2F7F26191ED92E34000B87A6 /* Debug */,
				2F7F261A1ED92E34000B87A6 /* Release */,
			);
			defaultConfigurationIsVisible = 0;
			defaultConfigurationName = Release;
		};
		2F7F261B1ED92E34000B87A6 /* Build configuration list for PBXNativeTarget "runTimePractice" */ = {
			isa = XCConfigurationList;
			buildConfigurations = (
				2F7F261C1ED92E34000B87A6 /* Debug */,
				2F7F261D1ED92E34000B87A6 /* Release */,
			);
			defaultConfigurationIsVisible = 0;
		};
		2F7F261E1ED92E34000B87A6 /* Build configuration list for PBXNativeTarget "runTimePracticeTests" */ = {
			isa = XCConfigurationList;
			buildConfigurations = (
				2F7F261F1ED92E34000B87A6 /* Debug */,
				2F7F26201ED92E34000B87A6 /* Release */,
			);
			defaultConfigurationIsVisible = 0;
		};
/* End XCConfigurationList section */

/* Begin XCVersionGroup section */
		2F7F26051ED92E34000B87A6 /* runTimePractice.xcdatamodeld */ = {
			isa = XCVersionGroup;
			children = (
				2F7F26061ED92E34000B87A6 /* runTimePractice.xcdatamodel */,
			);
			currentVersion = 2F7F26061ED92E34000B87A6 /* runTimePractice.xcdatamodel */;
			path = runTimePractice.xcdatamodeld;
			sourceTree = "<group>";
			versionGroupType = wrapper.xcdatamodel;
		};
/* End XCVersionGroup section */
	};
	rootObject = 2F7F25EE1ED92E34000B87A6 /* Project object */;
}
